// !$*UTF8*$!
{
	archiveVersion = 1;
	classes = {
	};
	objectVersion = 50;
	objects = {

/* Begin PBXBuildFile section */
		59DC40BA26F11AAE00DEBD10 /* AppDelegate.swift in Sources */ = {isa = PBXBuildFile; fileRef = 59DC40B926F11AAE00DEBD10 /* AppDelegate.swift */; };
		59DC40BC26F11AAE00DEBD10 /* SceneDelegate.swift in Sources */ = {isa = PBXBuildFile; fileRef = 59DC40BB26F11AAE00DEBD10 /* SceneDelegate.swift */; };
		59DC40BE26F11AAE00DEBD10 /* ViewController.swift in Sources */ = {isa = PBXBuildFile; fileRef = 59DC40BD26F11AAE00DEBD10 /* ViewController.swift */; };
		59DC40C126F11AAE00DEBD10 /* Main.storyboard in Resources */ = {isa = PBXBuildFile; fileRef = 59DC40BF26F11AAE00DEBD10 /* Main.storyboard */; };
		59DC40C326F11AB300DEBD10 /* Assets.xcassets in Resources */ = {isa = PBXBuildFile; fileRef = 59DC40C226F11AB300DEBD10 /* Assets.xcassets */; };
		59DC40C626F11AB300DEBD10 /* LaunchScreen.storyboard in Resources */ = {isa = PBXBuildFile; fileRef = 59DC40C426F11AB300DEBD10 /* LaunchScreen.storyboard */; };
		59DC40D126F11AB400DEBD10 /* MyFirstAppTests.swift in Sources */ = {isa = PBXBuildFile; fileRef = 59DC40D026F11AB400DEBD10 /* MyFirstAppTests.swift */; };
		59DC40DC26F11AB400DEBD10 /* MyFirstAppUITests.swift in Sources */ = {isa = PBXBuildFile; fileRef = 59DC40DB26F11AB400DEBD10 /* MyFirstAppUITests.swift */; };
/* End PBXBuildFile section */

/* Begin PBXContainerItemProxy section */
		59DC40CD26F11AB400DEBD10 /* PBXContainerItemProxy */ = {
			isa = PBXContainerItemProxy;
			containerPortal = 59DC40AE26F11AAE00DEBD10 /* Project object */;
			proxyType = 1;
			remoteGlobalIDString = 59DC40B526F11AAE00DEBD10;
			remoteInfo = MyFirstApp;
		};
		59DC40D826F11AB400DEBD10 /* PBXContainerItemProxy */ = {
			isa = PBXContainerItemProxy;
			containerPortal = 59DC40AE26F11AAE00DEBD10 /* Project object */;
			proxyType = 1;
			remoteGlobalIDString = 59DC40B526F11AAE00DEBD10;
			remoteInfo = MyFirstApp;
		};
/* End PBXContainerItemProxy section */

/* Begin PBXFileReference section */
		59DC40B626F11AAE00DEBD10 /* MyFirstApp.app */ = {isa = PBXFileReference; explicitFileType = wrapper.application; includeInIndex = 0; path = MyFirstApp.app; sourceTree = BUILT_PRODUCTS_DIR; };
		59DC40B926F11AAE00DEBD10 /* AppDelegate.swift */ = {isa = PBXFileReference; lastKnownFileType = sourcecode.swift; path = AppDelegate.swift; sourceTree = "<group>"; };
		59DC40BB26F11AAE00DEBD10 /* SceneDelegate.swift */ = {isa = PBXFileReference; lastKnownFileType = sourcecode.swift; path = SceneDelegate.swift; sourceTree = "<group>"; };
		59DC40BD26F11AAE00DEBD10 /* ViewController.swift */ = {isa = PBXFileReference; lastKnownFileType = sourcecode.swift; path = ViewController.swift; sourceTree = "<group>"; };
		59DC40C026F11AAE00DEBD10 /* Base */ = {isa = PBXFileReference; lastKnownFileType = file.storyboard; name = Base; path = Base.lproj/Main.storyboard; sourceTree = "<group>"; };
		59DC40C226F11AB300DEBD10 /* Assets.xcassets */ = {isa = PBXFileReference; lastKnownFileType = folder.assetcatalog; path = Assets.xcassets; sourceTree = "<group>"; };
		59DC40C526F11AB300DEBD10 /* Base */ = {isa = PBXFileReference; lastKnownFileType = file.storyboard; name = Base; path = Base.lproj/LaunchScreen.storyboard; sourceTree = "<group>"; };
		59DC40C726F11AB300DEBD10 /* Info.plist */ = {isa = PBXFileReference; lastKnownFileType = text.plist.xml; path = Info.plist; sourceTree = "<group>"; };
		59DC40CC26F11AB400DEBD10 /* MyFirstAppTests.xctest */ = {isa = PBXFileReference; explicitFileType = wrapper.cfbundle; includeInIndex = 0; path = MyFirstAppTests.xctest; sourceTree = BUILT_PRODUCTS_DIR; };
		59DC40D026F11AB400DEBD10 /* MyFirstAppTests.swift */ = {isa = PBXFileReference; lastKnownFileType = sourcecode.swift; path = MyFirstAppTests.swift; sourceTree = "<group>"; };
		59DC40D226F11AB400DEBD10 /* Info.plist */ = {isa = PBXFileReference; lastKnownFileType = text.plist.xml; path = Info.plist; sourceTree = "<group>"; };
		59DC40D726F11AB400DEBD10 /* MyFirstAppUITests.xctest */ = {isa = PBXFileReference; explicitFileType = wrapper.cfbundle; includeInIndex = 0; path = MyFirstAppUITests.xctest; sourceTree = BUILT_PRODUCTS_DIR; };
		59DC40DB26F11AB400DEBD10 /* MyFirstAppUITests.swift */ = {isa = PBXFileReference; lastKnownFileType = sourcecode.swift; path = MyFirstAppUITests.swift; sourceTree = "<group>"; };
		59DC40DD26F11AB400DEBD10 /* Info.plist */ = {isa = PBXFileReference; lastKnownFileType = text.plist.xml; path = Info.plist; sourceTree = "<group>"; };
/* End PBXFileReference section */

/* Begin PBXFrameworksBuildPhase section */
		59DC40B326F11AAE00DEBD10 /* Frameworks */ = {
			isa = PBXFrameworksBuildPhase;
			buildActionMask = 2147483647;
			files = (
			);
			runOnlyForDeploymentPostprocessing = 0;
		};
		59DC40C926F11AB400DEBD10 /* Frameworks */ = {
			isa = PBXFrameworksBuildPhase;
			buildActionMask = 2147483647;
			files = (
			);
			runOnlyForDeploymentPostprocessing = 0;
		};
		59DC40D426F11AB400DEBD10 /* Frameworks */ = {
			isa = PBXFrameworksBuildPhase;
			buildActionMask = 2147483647;
			files = (
			);
			runOnlyForDeploymentPostprocessing = 0;
		};
/* End PBXFrameworksBuildPhase section */

/* Begin PBXGroup section */
		59DC40AD26F11AAE00DEBD10 = {
			isa = PBXGroup;
			children = (
				59DC40B826F11AAE00DEBD10 /* MyFirstApp */,
				59DC40CF26F11AB400DEBD10 /* MyFirstAppTests */,
				59DC40DA26F11AB400DEBD10 /* MyFirstAppUITests */,
				59DC40B726F11AAE00DEBD10 /* Products */,
			);
			sourceTree = "<group>";
		};
		59DC40B726F11AAE00DEBD10 /* Products */ = {
			isa = PBXGroup;
			children = (
				59DC40B626F11AAE00DEBD10 /* MyFirstApp.app */,
				59DC40CC26F11AB400DEBD10 /* MyFirstAppTests.xctest */,
				59DC40D726F11AB400DEBD10 /* MyFirstAppUITests.xctest */,
			);
			name = Products;
			sourceTree = "<group>";
		};
		59DC40B826F11AAE00DEBD10 /* MyFirstApp */ = {
			isa = PBXGroup;
			children = (
				59DC40B926F11AAE00DEBD10 /* AppDelegate.swift */,
				59DC40BB26F11AAE00DEBD10 /* SceneDelegate.swift */,
				59DC40BD26F11AAE00DEBD10 /* ViewController.swift */,
				59DC40BF26F11AAE00DEBD10 /* Main.storyboard */,
				59DC40C226F11AB300DEBD10 /* Assets.xcassets */,
				59DC40C426F11AB300DEBD10 /* LaunchScreen.storyboard */,
				59DC40C726F11AB300DEBD10 /* Info.plist */,
			);
			path = MyFirstApp;
			sourceTree = "<group>";
		};
		59DC40CF26F11AB400DEBD10 /* MyFirstAppTests */ = {
			isa = PBXGroup;
			children = (
				59DC40D026F11AB400DEBD10 /* MyFirstAppTests.swift */,
				59DC40D226F11AB400DEBD10 /* Info.plist */,
			);
			path = MyFirstAppTests;
			sourceTree = "<group>";
		};
		59DC40DA26F11AB400DEBD10 /* MyFirstAppUITests */ = {
			isa = PBXGroup;
			children = (
				59DC40DB26F11AB400DEBD10 /* MyFirstAppUITests.swift */,
				59DC40DD26F11AB400DEBD10 /* Info.plist */,
			);
			path = MyFirstAppUITests;
			sourceTree = "<group>";
		};
/* End PBXGroup section */

/* Begin PBXNativeTarget section */
		59DC40B526F11AAE00DEBD10 /* MyFirstApp */ = {
			isa = PBXNativeTarget;
			buildConfigurationList = 59DC40E026F11AB400DEBD10 /* Build configuration list for PBXNativeTarget "MyFirstApp" */;
			buildPhases = (
				59DC40B226F11AAE00DEBD10 /* Sources */,
				59DC40B326F11AAE00DEBD10 /* Frameworks */,
				59DC40B426F11AAE00DEBD10 /* Resources */,
			);
			buildRules = (
			);
			dependencies = (
			);
			name = MyFirstApp;
			productName = MyFirstApp;
			productReference = 59DC40B626F11AAE00DEBD10 /* MyFirstApp.app */;
			productType = "com.apple.product-type.application";
		};
		59DC40CB26F11AB400DEBD10 /* MyFirstAppTests */ = {
			isa = PBXNativeTarget;
			buildConfigurationList = 59DC40E326F11AB400DEBD10 /* Build configuration list for PBXNativeTarget "MyFirstAppTests" */;
			buildPhases = (
				59DC40C826F11AB400DEBD10 /* Sources */,
				59DC40C926F11AB400DEBD10 /* Frameworks */,
				59DC40CA26F11AB400DEBD10 /* Resources */,
			);
			buildRules = (
			);
			dependencies = (
				59DC40CE26F11AB400DEBD10 /* PBXTargetDependency */,
			);
			name = MyFirstAppTests;
			productName = MyFirstAppTests;
			productReference = 59DC40CC26F11AB400DEBD10 /* MyFirstAppTests.xctest */;
			productType = "com.apple.product-type.bundle.unit-test";
		};
		59DC40D626F11AB400DEBD10 /* MyFirstAppUITests */ = {
			isa = PBXNativeTarget;
			buildConfigurationList = 59DC40E626F11AB400DEBD10 /* Build configuration list for PBXNativeTarget "MyFirstAppUITests" */;
			buildPhases = (
				59DC40D326F11AB400DEBD10 /* Sources */,
				59DC40D426F11AB400DEBD10 /* Frameworks */,
				59DC40D526F11AB400DEBD10 /* Resources */,
			);
			buildRules = (
			);
			dependencies = (
				59DC40D926F11AB400DEBD10 /* PBXTargetDependency */,
			);
			name = MyFirstAppUITests;
			productName = MyFirstAppUITests;
			productReference = 59DC40D726F11AB400DEBD10 /* MyFirstAppUITests.xctest */;
			productType = "com.apple.product-type.bundle.ui-testing";
		};
/* End PBXNativeTarget section */

/* Begin PBXProject section */
		59DC40AE26F11AAE00DEBD10 /* Project object */ = {
			isa = PBXProject;
			attributes = {
				LastSwiftUpdateCheck = 1250;
				LastUpgradeCheck = 1250;
				TargetAttributes = {
					59DC40B526F11AAE00DEBD10 = {
						CreatedOnToolsVersion = 12.5.1;
					};
					59DC40CB26F11AB400DEBD10 = {
						CreatedOnToolsVersion = 12.5.1;
						TestTargetID = 59DC40B526F11AAE00DEBD10;
					};
					59DC40D626F11AB400DEBD10 = {
						CreatedOnToolsVersion = 12.5.1;
						TestTargetID = 59DC40B526F11AAE00DEBD10;
					};
				};
			};
			buildConfigurationList = 59DC40B126F11AAE00DEBD10 /* Build configuration list for PBXProject "MyFirstApp" */;
			compatibilityVersion = "Xcode 9.3";
			developmentRegion = en;
			hasScannedForEncodings = 0;
			knownRegions = (
				en,
				Base,
			);
			mainGroup = 59DC40AD26F11AAE00DEBD10;
			productRefGroup = 59DC40B726F11AAE00DEBD10 /* Products */;
			projectDirPath = "";
			projectRoot = "";
			targets = (
				59DC40B526F11AAE00DEBD10 /* MyFirstApp */,
				59DC40CB26F11AB400DEBD10 /* MyFirstAppTests */,
				59DC40D626F11AB400DEBD10 /* MyFirstAppUITests */,
			);
		};
/* End PBXProject section */

/* Begin PBXResourcesBuildPhase section */
		59DC40B426F11AAE00DEBD10 /* Resources */ = {
			isa = PBXResourcesBuildPhase;
			buildActionMask = 2147483647;
			files = (
				59DC40C626F11AB300DEBD10 /* LaunchScreen.storyboard in Resources */,
				59DC40C326F11AB300DEBD10 /* Assets.xcassets in Resources */,
				59DC40C126F11AAE00DEBD10 /* Main.storyboard in Resources */,
			);
			runOnlyForDeploymentPostprocessing = 0;
		};
		59DC40CA26F11AB400DEBD10 /* Resources */ = {
			isa = PBXResourcesBuildPhase;
			buildActionMask = 2147483647;
			files = (
			);
			runOnlyForDeploymentPostprocessing = 0;
		};
		59DC40D526F11AB400DEBD10 /* Resources */ = {
			isa = PBXResourcesBuildPhase;
			buildActionMask = 2147483647;
			files = (
			);
			runOnlyForDeploymentPostprocessing = 0;
		};
/* End PBXResourcesBuildPhase section */

/* Begin PBXSourcesBuildPhase section */
		59DC40B226F11AAE00DEBD10 /* Sources */ = {
			isa = PBXSourcesBuildPhase;
			buildActionMask = 2147483647;
			files = (
				59DC40BE26F11AAE00DEBD10 /* ViewController.swift in Sources */,
				59DC40BA26F11AAE00DEBD10 /* AppDelegate.swift in Sources */,
				59DC40BC26F11AAE00DEBD10 /* SceneDelegate.swift in Sources */,
			);
			runOnlyForDeploymentPostprocessing = 0;
		};
		59DC40C826F11AB400DEBD10 /* Sources */ = {
			isa = PBXSourcesBuildPhase;
			buildActionMask = 2147483647;
			files = (
				59DC40D126F11AB400DEBD10 /* MyFirstAppTests.swift in Sources */,
			);
			runOnlyForDeploymentPostprocessing = 0;
		};
		59DC40D326F11AB400DEBD10 /* Sources */ = {
			isa = PBXSourcesBuildPhase;
			buildActionMask = 2147483647;
			files = (
				59DC40DC26F11AB400DEBD10 /* MyFirstAppUITests.swift in Sources */,
			);
			runOnlyForDeploymentPostprocessing = 0;
		};
/* End PBXSourcesBuildPhase section */

/* Begin PBXTargetDependency section */
		59DC40CE26F11AB400DEBD10 /* PBXTargetDependency */ = {
			isa = PBXTargetDependency;
			target = 59DC40B526F11AAE00DEBD10 /* MyFirstApp */;
			targetProxy = 59DC40CD26F11AB400DEBD10 /* PBXContainerItemProxy */;
		};
		59DC40D926F11AB400DEBD10 /* PBXTargetDependency */ = {
			isa = PBXTargetDependency;
			target = 59DC40B526F11AAE00DEBD10 /* MyFirstApp */;
			targetProxy = 59DC40D826F11AB400DEBD10 /* PBXContainerItemProxy */;
		};
/* End PBXTargetDependency section */

/* Begin PBXVariantGroup section */
		59DC40BF26F11AAE00DEBD10 /* Main.storyboard */ = {
			isa = PBXVariantGroup;
			children = (
				59DC40C026F11AAE00DEBD10 /* Base */,
			);
			name = Main.storyboard;
			sourceTree = "<group>";
		};
		59DC40C426F11AB300DEBD10 /* LaunchScreen.storyboard */ = {
			isa = PBXVariantGroup;
			children = (
				59DC40C526F11AB300DEBD10 /* Base */,
			);
			name = LaunchScreen.storyboard;
			sourceTree = "<group>";
		};
/* End PBXVariantGroup section */

/* Begin XCBuildConfiguration section */
		59DC40DE26F11AB400DEBD10 /* Debug */ = {
			isa = XCBuildConfiguration;
			buildSettings = {
				ALWAYS_SEARCH_USER_PATHS = NO;
				CLANG_ANALYZER_NONNULL = YES;
				CLANG_ANALYZER_NUMBER_OBJECT_CONVERSION = YES_AGGRESSIVE;
				CLANG_CXX_LANGUAGE_STANDARD = "gnu++14";
				CLANG_CXX_LIBRARY = "libc++";
				CLANG_ENABLE_MODULES = YES;
				CLANG_ENABLE_OBJC_ARC = YES;
				CLANG_ENABLE_OBJC_WEAK = YES;
				CLANG_WARN_BLOCK_CAPTURE_AUTORELEASING = YES;
				CLANG_WARN_BOOL_CONVERSION = YES;
				CLANG_WARN_COMMA = YES;
				CLANG_WARN_CONSTANT_CONVERSION = YES;
				CLANG_WARN_DEPRECATED_OBJC_IMPLEMENTATIONS = YES;
				CLANG_WARN_DIRECT_OBJC_ISA_USAGE = YES_ERROR;
				CLANG_WARN_DOCUMENTATION_COMMENTS = YES;
				CLANG_WARN_EMPTY_BODY = YES;
				CLANG_WARN_ENUM_CONVERSION = YES;
				CLANG_WARN_INFINITE_RECURSION = YES;
				CLANG_WARN_INT_CONVERSION = YES;
				CLANG_WARN_NON_LITERAL_NULL_CONVERSION = YES;
				CLANG_WARN_OBJC_IMPLICIT_RETAIN_SELF = YES;
				CLANG_WARN_OBJC_LITERAL_CONVERSION = YES;
				CLANG_WARN_OBJC_ROOT_CLASS = YES_ERROR;
				CLANG_WARN_QUOTED_INCLUDE_IN_FRAMEWORK_HEADER = YES;
				CLANG_WARN_RANGE_LOOP_ANALYSIS = YES;
				CLANG_WARN_STRICT_PROTOTYPES = YES;
				CLANG_WARN_SUSPICIOUS_MOVE = YES;
				CLANG_WARN_UNGUARDED_AVAILABILITY = YES_AGGRESSIVE;
				CLANG_WARN_UNREACHABLE_CODE = YES;
				CLANG_WARN__DUPLICATE_METHOD_MATCH = YES;
				COPY_PHASE_STRIP = NO;
				DEBUG_INFORMATION_FORMAT = dwarf;
				ENABLE_STRICT_OBJC_MSGSEND = YES;
				ENABLE_TESTABILITY = YES;
				GCC_C_LANGUAGE_STANDARD = gnu11;
				GCC_DYNAMIC_NO_PIC = NO;
				GCC_NO_COMMON_BLOCKS = YES;
				GCC_OPTIMIZATION_LEVEL = 0;
				GCC_PREPROCESSOR_DEFINITIONS = (
					"DEBUG=1",
					"$(inherited)",
				);
				GCC_WARN_64_TO_32_BIT_CONVERSION = YES;
				GCC_WARN_ABOUT_RETURN_TYPE = YES_ERROR;
				GCC_WARN_UNDECLARED_SELECTOR = YES;
				GCC_WARN_UNINITIALIZED_AUTOS = YES_AGGRESSIVE;
				GCC_WARN_UNUSED_FUNCTION = YES;
				GCC_WARN_UNUSED_VARIABLE = YES;
				IPHONEOS_DEPLOYMENT_TARGET = 14.5;
				MTL_ENABLE_DEBUG_INFO = INCLUDE_SOURCE;
				MTL_FAST_MATH = YES;
				ONLY_ACTIVE_ARCH = YES;
				SDKROOT = iphoneos;
				SWIFT_ACTIVE_COMPILATION_CONDITIONS = DEBUG;
				SWIFT_OPTIMIZATION_LEVEL = "-Onone";
			};
			name = Debug;
		};
		59DC40DF26F11AB400DEBD10 /* Release */ = {
			isa = XCBuildConfiguration;
			buildSettings = {
				ALWAYS_SEARCH_USER_PATHS = NO;
				CLANG_ANALYZER_NONNULL = YES;
				CLANG_ANALYZER_NUMBER_OBJECT_CONVERSION = YES_AGGRESSIVE;
				CLANG_CXX_LANGUAGE_STANDARD = "gnu++14";
				CLANG_CXX_LIBRARY = "libc++";
				CLANG_ENABLE_MODULES = YES;
				CLANG_ENABLE_OBJC_ARC = YES;
				CLANG_ENABLE_OBJC_WEAK = YES;
				CLANG_WARN_BLOCK_CAPTURE_AUTORELEASING = YES;
				CLANG_WARN_BOOL_CONVERSION = YES;
				CLANG_WARN_COMMA = YES;
				CLANG_WARN_CONSTANT_CONVERSION = YES;
				CLANG_WARN_DEPRECATED_OBJC_IMPLEMENTATIONS = YES;
				CLANG_WARN_DIRECT_OBJC_ISA_USAGE = YES_ERROR;
				CLANG_WARN_DOCUMENTATION_COMMENTS = YES;
				CLANG_WARN_EMPTY_BODY = YES;
				CLANG_WARN_ENUM_CONVERSION = YES;
				CLANG_WARN_INFINITE_RECURSION = YES;
				CLANG_WARN_INT_CONVERSION = YES;
				CLANG_WARN_NON_LITERAL_NULL_CONVERSION = YES;
				CLANG_WARN_OBJC_IMPLICIT_RETAIN_SELF = YES;
				CLANG_WARN_OBJC_LITERAL_CONVERSION = YES;
				CLANG_WARN_OBJC_ROOT_CLASS = YES_ERROR;
				CLANG_WARN_QUOTED_INCLUDE_IN_FRAMEWORK_HEADER = YES;
				CLANG_WARN_RANGE_LOOP_ANALYSIS = YES;
				CLANG_WARN_STRICT_PROTOTYPES = YES;
				CLANG_WARN_SUSPICIOUS_MOVE = YES;
				CLANG_WARN_UNGUARDED_AVAILABILITY = YES_AGGRESSIVE;
				CLANG_WARN_UNREACHABLE_CODE = YES;
				CLANG_WARN__DUPLICATE_METHOD_MATCH = YES;
				COPY_PHASE_STRIP = NO;
				DEBUG_INFORMATION_FORMAT = "dwarf-with-dsym";
				ENABLE_NS_ASSERTIONS = NO;
				ENABLE_STRICT_OBJC_MSGSEND = YES;
				GCC_C_LANGUAGE_STANDARD = gnu11;
				GCC_NO_COMMON_BLOCKS = YES;
				GCC_WARN_64_TO_32_BIT_CONVERSION = YES;
				GCC_WARN_ABOUT_RETURN_TYPE = YES_ERROR;
				GCC_WARN_UNDECLARED_SELECTOR = YES;
				GCC_WARN_UNINITIALIZED_AUTOS = YES_AGGRESSIVE;
				GCC_WARN_UNUSED_FUNCTION = YES;
				GCC_WARN_UNUSED_VARIABLE = YES;
				IPHONEOS_DEPLOYMENT_TARGET = 14.5;
				MTL_ENABLE_DEBUG_INFO = NO;
				MTL_FAST_MATH = YES;
				SDKROOT = iphoneos;
				SWIFT_COMPILATION_MODE = wholemodule;
				SWIFT_OPTIMIZATION_LEVEL = "-O";
				VALIDATE_PRODUCT = YES;
			};
			name = Release;
		};
		59DC40E126F11AB400DEBD10 /* Debug */ = {
			isa = XCBuildConfiguration;
			buildSettings = {
				ASSETCATALOG_COMPILER_APPICON_NAME = AppIcon;
				ASSETCATALOG_COMPILER_GLOBAL_ACCENT_COLOR_NAME = AccentColor;
				CODE_SIGN_STYLE = Automatic;
				DEVELOPMENT_TEAM = C8AGZ2639M;
				INFOPLIST_FILE = MyFirstApp/Info.plist;
				LD_RUNPATH_SEARCH_PATHS = (
					"$(inherited)",
					"@executable_path/Frameworks",
				);
				PRODUCT_BUNDLE_IDENTIFIER = ClaudiaBauman.MyFirstApp;
				PRODUCT_NAME = "$(TARGET_NAME)";
				SWIFT_VERSION = 5.0;
				TARGETED_DEVICE_FAMILY = "1,2";
			};
			name = Debug;
		};
		59DC40E226F11AB400DEBD10 /* Release */ = {
			isa = XCBuildConfiguration;
			buildSettings = {
				ASSETCATALOG_COMPILER_APPICON_NAME = AppIcon;
				ASSETCATALOG_COMPILER_GLOBAL_ACCENT_COLOR_NAME = AccentColor;
				CODE_SIGN_STYLE = Automatic;
				DEVELOPMENT_TEAM = C8AGZ2639M;
				INFOPLIST_FILE = MyFirstApp/Info.plist;
				LD_RUNPATH_SEARCH_PATHS = (
					"$(inherited)",
					"@executable_path/Frameworks",
				);
				PRODUCT_BUNDLE_IDENTIFIER = ClaudiaBauman.MyFirstApp;
				PRODUCT_NAME = "$(TARGET_NAME)";
				SWIFT_VERSION = 5.0;
				TARGETED_DEVICE_FAMILY = "1,2";
			};
			name = Release;
		};
		59DC40E426F11AB400DEBD10 /* Debug */ = {
			isa = XCBuildConfiguration;
			buildSettings = {
				ALWAYS_EMBED_SWIFT_STANDARD_LIBRARIES = YES;
				BUNDLE_LOADER = "$(TEST_HOST)";
				CODE_SIGN_STYLE = Automatic;
				DEVELOPMENT_TEAM = C8AGZ2639M;
				INFOPLIST_FILE = MyFirstAppTests/Info.plist;
				IPHONEOS_DEPLOYMENT_TARGET = 14.5;
				LD_RUNPATH_SEARCH_PATHS = (
					"$(inherited)",
					"@executable_path/Frameworks",
					"@loader_path/Frameworks",
				);
				PRODUCT_BUNDLE_IDENTIFIER = ClaudiaBauman.MyFirstAppTests;
				PRODUCT_NAME = "$(TARGET_NAME)";
				SWIFT_VERSION = 5.0;
				TARGETED_DEVICE_FAMILY = "1,2";
				TEST_HOST = "$(BUILT_PRODUCTS_DIR)/MyFirstApp.app/MyFirstApp";
			};
			name = Debug;
		};
		59DC40E526F11AB400DEBD10 /* Release */ = {
			isa = XCBuildConfiguration;
			buildSettings = {
				ALWAYS_EMBED_SWIFT_STANDARD_LIBRARIES = YES;
				BUNDLE_LOADER = "$(TEST_HOST)";
				CODE_SIGN_STYLE = Automatic;
				DEVELOPMENT_TEAM = C8AGZ2639M;
				INFOPLIST_FILE = MyFirstAppTests/Info.plist;
				IPHONEOS_DEPLOYMENT_TARGET = 14.5;
				LD_RUNPATH_SEARCH_PATHS = (
					"$(inherited)",
					"@executable_path/Frameworks",
					"@loader_path/Frameworks",
				);
				PRODUCT_BUNDLE_IDENTIFIER = ClaudiaBauman.MyFirstAppTests;
				PRODUCT_NAME = "$(TARGET_NAME)";
				SWIFT_VERSION = 5.0;
				TARGETED_DEVICE_FAMILY = "1,2";
				TEST_HOST = "$(BUILT_PRODUCTS_DIR)/MyFirstApp.app/MyFirstApp";
			};
			name = Release;
		};
		59DC40E726F11AB400DEBD10 /* Debug */ = {
			isa = XCBuildConfiguration;
			buildSettings = {
				ALWAYS_EMBED_SWIFT_STANDARD_LIBRARIES = YES;
				CODE_SIGN_STYLE = Automatic;
				DEVELOPMENT_TEAM = C8AGZ2639M;
				INFOPLIST_FILE = MyFirstAppUITests/Info.plist;
				LD_RUNPATH_SEARCH_PATHS = (
					"$(inherited)",
					"@executable_path/Frameworks",
					"@loader_path/Frameworks",
				);
				PRODUCT_BUNDLE_IDENTIFIER = ClaudiaBauman.MyFirstAppUITests;
				PRODUCT_NAME = "$(TARGET_NAME)";
				SWIFT_VERSION = 5.0;
				TARGETED_DEVICE_FAMILY = "1,2";
				TEST_TARGET_NAME = MyFirstApp;
			};
			name = Debug;
		};
		59DC40E826F11AB400DEBD10 /* Release */ = {
			isa = XCBuildConfiguration;
			buildSettings = {
				ALWAYS_EMBED_SWIFT_STANDARD_LIBRARIES = YES;
				CODE_SIGN_STYLE = Automatic;
				DEVELOPMENT_TEAM = C8AGZ2639M;
				INFOPLIST_FILE = MyFirstAppUITests/Info.plist;
				LD_RUNPATH_SEARCH_PATHS = (
					"$(inherited)",
					"@executable_path/Frameworks",
					"@loader_path/Frameworks",
				);
				PRODUCT_BUNDLE_IDENTIFIER = ClaudiaBauman.MyFirstAppUITests;
				PRODUCT_NAME = "$(TARGET_NAME)";
				SWIFT_VERSION = 5.0;
				TARGETED_DEVICE_FAMILY = "1,2";
				TEST_TARGET_NAME = MyFirstApp;
			};
			name = Release;
		};
/* End XCBuildConfiguration section */

/* Begin XCConfigurationList section */
		59DC40B126F11AAE00DEBD10 /* Build configuration list for PBXProject "MyFirstApp" */ = {
			isa = XCConfigurationList;
			buildConfigurations = (
				59DC40DE26F11AB400DEBD10 /* Debug */,
				59DC40DF26F11AB400DEBD10 /* Release */,
			);
			defaultConfigurationIsVisible = 0;
			defaultConfigurationName = Release;
		};
		59DC40E026F11AB400DEBD10 /* Build configuration list for PBXNativeTarget "MyFirstApp" */ = {
			isa = XCConfigurationList;
			buildConfigurations = (
				59DC40E126F11AB400DEBD10 /* Debug */,
				59DC40E226F11AB400DEBD10 /* Release */,
			);
			defaultConfigurationIsVisible = 0;
			defaultConfigurationName = Release;
		};
		59DC40E326F11AB400DEBD10 /* Build configuration list for PBXNativeTarget "MyFirstAppTests" */ = {
			isa = XCConfigurationList;
			buildConfigurations = (
				59DC40E426F11AB400DEBD10 /* Debug */,
				59DC40E526F11AB400DEBD10 /* Release */,
			);
			defaultConfigurationIsVisible = 0;
			defaultConfigurationName = Release;
		};
		59DC40E626F11AB400DEBD10 /* Build configuration list for PBXNativeTarget "MyFirstAppUITests" */ = {
			isa = XCConfigurationList;
			buildConfigurations = (
				59DC40E726F11AB400DEBD10 /* Debug */,
				59DC40E826F11AB400DEBD10 /* Release */,
			);
			defaultConfigurationIsVisible = 0;
			defaultConfigurationName = Release;
		};
/* End XCConfigurationList section */
	};
	rootObject = 59DC40AE26F11AAE00DEBD10 /* Project object */;
}
