// !$*UTF8*$!
{
	archiveVersion = 1;
	classes = {
	};
	objectVersion = 50;
	objects = {

/* Begin PBXBuildFile section */
		59DC404226F10D7E00DEBD10 /* AppDelegate.swift in Sources */ = {isa = PBXBuildFile; fileRef = 59DC404126F10D7E00DEBD10 /* AppDelegate.swift */; };
		59DC404426F10D7E00DEBD10 /* SceneDelegate.swift in Sources */ = {isa = PBXBuildFile; fileRef = 59DC404326F10D7E00DEBD10 /* SceneDelegate.swift */; };
		59DC404626F10D7E00DEBD10 /* ViewController.swift in Sources */ = {isa = PBXBuildFile; fileRef = 59DC404526F10D7E00DEBD10 /* ViewController.swift */; };
		59DC404926F10D7E00DEBD10 /* Main.storyboard in Resources */ = {isa = PBXBuildFile; fileRef = 59DC404726F10D7E00DEBD10 /* Main.storyboard */; };
		59DC404B26F10D8300DEBD10 /* Assets.xcassets in Resources */ = {isa = PBXBuildFile; fileRef = 59DC404A26F10D8300DEBD10 /* Assets.xcassets */; };
		59DC404E26F10D8300DEBD10 /* LaunchScreen.storyboard in Resources */ = {isa = PBXBuildFile; fileRef = 59DC404C26F10D8300DEBD10 /* LaunchScreen.storyboard */; };
		59DC405926F10D8400DEBD10 /* Trial_for_GitTests.swift in Sources */ = {isa = PBXBuildFile; fileRef = 59DC405826F10D8400DEBD10 /* Trial_for_GitTests.swift */; };
		59DC406426F10D8400DEBD10 /* Trial_for_GitUITests.swift in Sources */ = {isa = PBXBuildFile; fileRef = 59DC406326F10D8400DEBD10 /* Trial_for_GitUITests.swift */; };
/* End PBXBuildFile section */

/* Begin PBXContainerItemProxy section */
		59DC405526F10D8400DEBD10 /* PBXContainerItemProxy */ = {
			isa = PBXContainerItemProxy;
			containerPortal = 59DC403626F10D7E00DEBD10 /* Project object */;
			proxyType = 1;
			remoteGlobalIDString = 59DC403D26F10D7E00DEBD10;
			remoteInfo = "Trial for Git";
		};
		59DC406026F10D8400DEBD10 /* PBXContainerItemProxy */ = {
			isa = PBXContainerItemProxy;
			containerPortal = 59DC403626F10D7E00DEBD10 /* Project object */;
			proxyType = 1;
			remoteGlobalIDString = 59DC403D26F10D7E00DEBD10;
			remoteInfo = "Trial for Git";
		};
/* End PBXContainerItemProxy section */

/* Begin PBXFileReference section */
		59DC403E26F10D7E00DEBD10 /* Trial for Git.app */ = {isa = PBXFileReference; explicitFileType = wrapper.application; includeInIndex = 0; path = "Trial for Git.app"; sourceTree = BUILT_PRODUCTS_DIR; };
		59DC404126F10D7E00DEBD10 /* AppDelegate.swift */ = {isa = PBXFileReference; lastKnownFileType = sourcecode.swift; path = AppDelegate.swift; sourceTree = "<group>"; };
		59DC404326F10D7E00DEBD10 /* SceneDelegate.swift */ = {isa = PBXFileReference; lastKnownFileType = sourcecode.swift; path = SceneDelegate.swift; sourceTree = "<group>"; };
		59DC404526F10D7E00DEBD10 /* ViewController.swift */ = {isa = PBXFileReference; lastKnownFileType = sourcecode.swift; path = ViewController.swift; sourceTree = "<group>"; };
		59DC404826F10D7E00DEBD10 /* Base */ = {isa = PBXFileReference; lastKnownFileType = file.storyboard; name = Base; path = Base.lproj/Main.storyboard; sourceTree = "<group>"; };
		59DC404A26F10D8300DEBD10 /* Assets.xcassets */ = {isa = PBXFileReference; lastKnownFileType = folder.assetcatalog; path = Assets.xcassets; sourceTree = "<group>"; };
		59DC404D26F10D8300DEBD10 /* Base */ = {isa = PBXFileReference; lastKnownFileType = file.storyboard; name = Base; path = Base.lproj/LaunchScreen.storyboard; sourceTree = "<group>"; };
		59DC404F26F10D8300DEBD10 /* Info.plist */ = {isa = PBXFileReference; lastKnownFileType = text.plist.xml; path = Info.plist; sourceTree = "<group>"; };
		59DC405426F10D8400DEBD10 /* Trial for GitTests.xctest */ = {isa = PBXFileReference; explicitFileType = wrapper.cfbundle; includeInIndex = 0; path = "Trial for GitTests.xctest"; sourceTree = BUILT_PRODUCTS_DIR; };
		59DC405826F10D8400DEBD10 /* Trial_for_GitTests.swift */ = {isa = PBXFileReference; lastKnownFileType = sourcecode.swift; path = Trial_for_GitTests.swift; sourceTree = "<group>"; };
		59DC405A26F10D8400DEBD10 /* Info.plist */ = {isa = PBXFileReference; lastKnownFileType = text.plist.xml; path = Info.plist; sourceTree = "<group>"; };
		59DC405F26F10D8400DEBD10 /* Trial for GitUITests.xctest */ = {isa = PBXFileReference; explicitFileType = wrapper.cfbundle; includeInIndex = 0; path = "Trial for GitUITests.xctest"; sourceTree = BUILT_PRODUCTS_DIR; };
		59DC406326F10D8400DEBD10 /* Trial_for_GitUITests.swift */ = {isa = PBXFileReference; lastKnownFileType = sourcecode.swift; path = Trial_for_GitUITests.swift; sourceTree = "<group>"; };
		59DC406526F10D8400DEBD10 /* Info.plist */ = {isa = PBXFileReference; lastKnownFileType = text.plist.xml; path = Info.plist; sourceTree = "<group>"; };
/* End PBXFileReference section */

/* Begin PBXFrameworksBuildPhase section */
		59DC403B26F10D7E00DEBD10 /* Frameworks */ = {
			isa = PBXFrameworksBuildPhase;
			buildActionMask = 2147483647;
			files = (
			);
			runOnlyForDeploymentPostprocessing = 0;
		};
		59DC405126F10D8400DEBD10 /* Frameworks */ = {
			isa = PBXFrameworksBuildPhase;
			buildActionMask = 2147483647;
			files = (
			);
			runOnlyForDeploymentPostprocessing = 0;
		};
		59DC405C26F10D8400DEBD10 /* Frameworks */ = {
			isa = PBXFrameworksBuildPhase;
			buildActionMask = 2147483647;
			files = (
			);
			runOnlyForDeploymentPostprocessing = 0;
		};
/* End PBXFrameworksBuildPhase section */

/* Begin PBXGroup section */
		59DC403526F10D7E00DEBD10 = {
			isa = PBXGroup;
			children = (
				59DC404026F10D7E00DEBD10 /* Trial for Git */,
				59DC405726F10D8400DEBD10 /* Trial for GitTests */,
				59DC406226F10D8400DEBD10 /* Trial for GitUITests */,
				59DC403F26F10D7E00DEBD10 /* Products */,
			);
			sourceTree = "<group>";
		};
		59DC403F26F10D7E00DEBD10 /* Products */ = {
			isa = PBXGroup;
			children = (
				59DC403E26F10D7E00DEBD10 /* Trial for Git.app */,
				59DC405426F10D8400DEBD10 /* Trial for GitTests.xctest */,
				59DC405F26F10D8400DEBD10 /* Trial for GitUITests.xctest */,
			);
			name = Products;
			sourceTree = "<group>";
		};
		59DC404026F10D7E00DEBD10 /* Trial for Git */ = {
			isa = PBXGroup;
			children = (
				59DC404126F10D7E00DEBD10 /* AppDelegate.swift */,
				59DC404326F10D7E00DEBD10 /* SceneDelegate.swift */,
				59DC404526F10D7E00DEBD10 /* ViewController.swift */,
				59DC404726F10D7E00DEBD10 /* Main.storyboard */,
				59DC404A26F10D8300DEBD10 /* Assets.xcassets */,
				59DC404C26F10D8300DEBD10 /* LaunchScreen.storyboard */,
				59DC404F26F10D8300DEBD10 /* Info.plist */,
			);
			path = "Trial for Git";
			sourceTree = "<group>";
		};
		59DC405726F10D8400DEBD10 /* Trial for GitTests */ = {
			isa = PBXGroup;
			children = (
				59DC405826F10D8400DEBD10 /* Trial_for_GitTests.swift */,
				59DC405A26F10D8400DEBD10 /* Info.plist */,
			);
			path = "Trial for GitTests";
			sourceTree = "<group>";
		};
		59DC406226F10D8400DEBD10 /* Trial for GitUITests */ = {
			isa = PBXGroup;
			children = (
				59DC406326F10D8400DEBD10 /* Trial_for_GitUITests.swift */,
				59DC406526F10D8400DEBD10 /* Info.plist */,
			);
			path = "Trial for GitUITests";
			sourceTree = "<group>";
		};
/* End PBXGroup section */

/* Begin PBXNativeTarget section */
		59DC403D26F10D7E00DEBD10 /* Trial for Git */ = {
			isa = PBXNativeTarget;
			buildConfigurationList = 59DC406826F10D8400DEBD10 /* Build configuration list for PBXNativeTarget "Trial for Git" */;
			buildPhases = (
				59DC403A26F10D7E00DEBD10 /* Sources */,
				59DC403B26F10D7E00DEBD10 /* Frameworks */,
				59DC403C26F10D7E00DEBD10 /* Resources */,
			);
			buildRules = (
			);
			dependencies = (
			);
			name = "Trial for Git";
			productName = "Trial for Git";
			productReference = 59DC403E26F10D7E00DEBD10 /* Trial for Git.app */;
			productType = "com.apple.product-type.application";
		};
		59DC405326F10D8400DEBD10 /* Trial for GitTests */ = {
			isa = PBXNativeTarget;
			buildConfigurationList = 59DC406B26F10D8400DEBD10 /* Build configuration list for PBXNativeTarget "Trial for GitTests" */;
			buildPhases = (
				59DC405026F10D8400DEBD10 /* Sources */,
				59DC405126F10D8400DEBD10 /* Frameworks */,
				59DC405226F10D8400DEBD10 /* Resources */,
			);
			buildRules = (
			);
			dependencies = (
				59DC405626F10D8400DEBD10 /* PBXTargetDependency */,
			);
			name = "Trial for GitTests";
			productName = "Trial for GitTests";
			productReference = 59DC405426F10D8400DEBD10 /* Trial for GitTests.xctest */;
			productType = "com.apple.product-type.bundle.unit-test";
		};
		59DC405E26F10D8400DEBD10 /* Trial for GitUITests */ = {
			isa = PBXNativeTarget;
			buildConfigurationList = 59DC406E26F10D8400DEBD10 /* Build configuration list for PBXNativeTarget "Trial for GitUITests" */;
			buildPhases = (
				59DC405B26F10D8400DEBD10 /* Sources */,
				59DC405C26F10D8400DEBD10 /* Frameworks */,
				59DC405D26F10D8400DEBD10 /* Resources */,
			);
			buildRules = (
			);
			dependencies = (
				59DC406126F10D8400DEBD10 /* PBXTargetDependency */,
			);
			name = "Trial for GitUITests";
			productName = "Trial for GitUITests";
			productReference = 59DC405F26F10D8400DEBD10 /* Trial for GitUITests.xctest */;
			productType = "com.apple.product-type.bundle.ui-testing";
		};
/* End PBXNativeTarget section */

/* Begin PBXProject section */
		59DC403626F10D7E00DEBD10 /* Project object */ = {
			isa = PBXProject;
			attributes = {
				LastSwiftUpdateCheck = 1250;
				LastUpgradeCheck = 1250;
				TargetAttributes = {
					59DC403D26F10D7E00DEBD10 = {
						CreatedOnToolsVersion = 12.5.1;
					};
					59DC405326F10D8400DEBD10 = {
						CreatedOnToolsVersion = 12.5.1;
						TestTargetID = 59DC403D26F10D7E00DEBD10;
					};
					59DC405E26F10D8400DEBD10 = {
						CreatedOnToolsVersion = 12.5.1;
						TestTargetID = 59DC403D26F10D7E00DEBD10;
					};
				};
			};
			buildConfigurationList = 59DC403926F10D7E00DEBD10 /* Build configuration list for PBXProject "Trial for Git" */;
			compatibilityVersion = "Xcode 9.3";
			developmentRegion = en;
			hasScannedForEncodings = 0;
			knownRegions = (
				en,
				Base,
			);
			mainGroup = 59DC403526F10D7E00DEBD10;
			productRefGroup = 59DC403F26F10D7E00DEBD10 /* Products */;
			projectDirPath = "";
			projectRoot = "";
			targets = (
				59DC403D26F10D7E00DEBD10 /* Trial for Git */,
				59DC405326F10D8400DEBD10 /* Trial for GitTests */,
				59DC405E26F10D8400DEBD10 /* Trial for GitUITests */,
			);
		};
/* End PBXProject section */

/* Begin PBXResourcesBuildPhase section */
		59DC403C26F10D7E00DEBD10 /* Resources */ = {
			isa = PBXResourcesBuildPhase;
			buildActionMask = 2147483647;
			files = (
				59DC404E26F10D8300DEBD10 /* LaunchScreen.storyboard in Resources */,
				59DC404B26F10D8300DEBD10 /* Assets.xcassets in Resources */,
				59DC404926F10D7E00DEBD10 /* Main.storyboard in Resources */,
			);
			runOnlyForDeploymentPostprocessing = 0;
		};
		59DC405226F10D8400DEBD10 /* Resources */ = {
			isa = PBXResourcesBuildPhase;
			buildActionMask = 2147483647;
			files = (
			);
			runOnlyForDeploymentPostprocessing = 0;
		};
		59DC405D26F10D8400DEBD10 /* Resources */ = {
			isa = PBXResourcesBuildPhase;
			buildActionMask = 2147483647;
			files = (
			);
			runOnlyForDeploymentPostprocessing = 0;
		};
/* End PBXResourcesBuildPhase section */

/* Begin PBXSourcesBuildPhase section */
		59DC403A26F10D7E00DEBD10 /* Sources */ = {
			isa = PBXSourcesBuildPhase;
			buildActionMask = 2147483647;
			files = (
				59DC404626F10D7E00DEBD10 /* ViewController.swift in Sources */,
				59DC404226F10D7E00DEBD10 /* AppDelegate.swift in Sources */,
				59DC404426F10D7E00DEBD10 /* SceneDelegate.swift in Sources */,
			);
			runOnlyForDeploymentPostprocessing = 0;
		};
		59DC405026F10D8400DEBD10 /* Sources */ = {
			isa = PBXSourcesBuildPhase;
			buildActionMask = 2147483647;
			files = (
				59DC405926F10D8400DEBD10 /* Trial_for_GitTests.swift in Sources */,
			);
			runOnlyForDeploymentPostprocessing = 0;
		};
		59DC405B26F10D8400DEBD10 /* Sources */ = {
			isa = PBXSourcesBuildPhase;
			buildActionMask = 2147483647;
			files = (
				59DC406426F10D8400DEBD10 /* Trial_for_GitUITests.swift in Sources */,
			);
			runOnlyForDeploymentPostprocessing = 0;
		};
/* End PBXSourcesBuildPhase section */

/* Begin PBXTargetDependency section */
		59DC405626F10D8400DEBD10 /* PBXTargetDependency */ = {
			isa = PBXTargetDependency;
			target = 59DC403D26F10D7E00DEBD10 /* Trial for Git */;
			targetProxy = 59DC405526F10D8400DEBD10 /* PBXContainerItemProxy */;
		};
		59DC406126F10D8400DEBD10 /* PBXTargetDependency */ = {
			isa = PBXTargetDependency;
			target = 59DC403D26F10D7E00DEBD10 /* Trial for Git */;
			targetProxy = 59DC406026F10D8400DEBD10 /* PBXContainerItemProxy */;
		};
/* End PBXTargetDependency section */

/* Begin PBXVariantGroup section */
		59DC404726F10D7E00DEBD10 /* Main.storyboard */ = {
			isa = PBXVariantGroup;
			children = (
				59DC404826F10D7E00DEBD10 /* Base */,
			);
			name = Main.storyboard;
			sourceTree = "<group>";
		};
		59DC404C26F10D8300DEBD10 /* LaunchScreen.storyboard */ = {
			isa = PBXVariantGroup;
			children = (
				59DC404D26F10D8300DEBD10 /* Base */,
			);
			name = LaunchScreen.storyboard;
			sourceTree = "<group>";
		};
/* End PBXVariantGroup section */

/* Begin XCBuildConfiguration section */
		59DC406626F10D8400DEBD10 /* Debug */ = {
			isa = XCBuildConfiguration;
			buildSettings = {
				ALWAYS_SEARCH_USER_PATHS = NO;
				CLANG_ANALYZER_NONNULL = YES;
				CLANG_ANALYZER_NUMBER_OBJECT_CONVERSION = YES_AGGRESSIVE;
				CLANG_CXX_LANGUAGE_STANDARD = "gnu++14";
				CLANG_CXX_LIBRARY = "libc++";
				CLANG_ENABLE_MODULES = YES;
				CLANG_ENABLE_OBJC_ARC = YES;
				CLANG_ENABLE_OBJC_WEAK = YES;
				CLANG_WARN_BLOCK_CAPTURE_AUTORELEASING = YES;
				CLANG_WARN_BOOL_CONVERSION = YES;
				CLANG_WARN_COMMA = YES;
				CLANG_WARN_CONSTANT_CONVERSION = YES;
				CLANG_WARN_DEPRECATED_OBJC_IMPLEMENTATIONS = YES;
				CLANG_WARN_DIRECT_OBJC_ISA_USAGE = YES_ERROR;
				CLANG_WARN_DOCUMENTATION_COMMENTS = YES;
				CLANG_WARN_EMPTY_BODY = YES;
				CLANG_WARN_ENUM_CONVERSION = YES;
				CLANG_WARN_INFINITE_RECURSION = YES;
				CLANG_WARN_INT_CONVERSION = YES;
				CLANG_WARN_NON_LITERAL_NULL_CONVERSION = YES;
				CLANG_WARN_OBJC_IMPLICIT_RETAIN_SELF = YES;
				CLANG_WARN_OBJC_LITERAL_CONVERSION = YES;
				CLANG_WARN_OBJC_ROOT_CLASS = YES_ERROR;
				CLANG_WARN_QUOTED_INCLUDE_IN_FRAMEWORK_HEADER = YES;
				CLANG_WARN_RANGE_LOOP_ANALYSIS = YES;
				CLANG_WARN_STRICT_PROTOTYPES = YES;
				CLANG_WARN_SUSPICIOUS_MOVE = YES;
				CLANG_WARN_UNGUARDED_AVAILABILITY = YES_AGGRESSIVE;
				CLANG_WARN_UNREACHABLE_CODE = YES;
				CLANG_WARN__DUPLICATE_METHOD_MATCH = YES;
				COPY_PHASE_STRIP = NO;
				DEBUG_INFORMATION_FORMAT = dwarf;
				ENABLE_STRICT_OBJC_MSGSEND = YES;
				ENABLE_TESTABILITY = YES;
				GCC_C_LANGUAGE_STANDARD = gnu11;
				GCC_DYNAMIC_NO_PIC = NO;
				GCC_NO_COMMON_BLOCKS = YES;
				GCC_OPTIMIZATION_LEVEL = 0;
				GCC_PREPROCESSOR_DEFINITIONS = (
					"DEBUG=1",
					"$(inherited)",
				);
				GCC_WARN_64_TO_32_BIT_CONVERSION = YES;
				GCC_WARN_ABOUT_RETURN_TYPE = YES_ERROR;
				GCC_WARN_UNDECLARED_SELECTOR = YES;
				GCC_WARN_UNINITIALIZED_AUTOS = YES_AGGRESSIVE;
				GCC_WARN_UNUSED_FUNCTION = YES;
				GCC_WARN_UNUSED_VARIABLE = YES;
				IPHONEOS_DEPLOYMENT_TARGET = 14.5;
				MTL_ENABLE_DEBUG_INFO = INCLUDE_SOURCE;
				MTL_FAST_MATH = YES;
				ONLY_ACTIVE_ARCH = YES;
				SDKROOT = iphoneos;
				SWIFT_ACTIVE_COMPILATION_CONDITIONS = DEBUG;
				SWIFT_OPTIMIZATION_LEVEL = "-Onone";
			};
			name = Debug;
		};
		59DC406726F10D8400DEBD10 /* Release */ = {
			isa = XCBuildConfiguration;
			buildSettings = {
				ALWAYS_SEARCH_USER_PATHS = NO;
				CLANG_ANALYZER_NONNULL = YES;
				CLANG_ANALYZER_NUMBER_OBJECT_CONVERSION = YES_AGGRESSIVE;
				CLANG_CXX_LANGUAGE_STANDARD = "gnu++14";
				CLANG_CXX_LIBRARY = "libc++";
				CLANG_ENABLE_MODULES = YES;
				CLANG_ENABLE_OBJC_ARC = YES;
				CLANG_ENABLE_OBJC_WEAK = YES;
				CLANG_WARN_BLOCK_CAPTURE_AUTORELEASING = YES;
				CLANG_WARN_BOOL_CONVERSION = YES;
				CLANG_WARN_COMMA = YES;
				CLANG_WARN_CONSTANT_CONVERSION = YES;
				CLANG_WARN_DEPRECATED_OBJC_IMPLEMENTATIONS = YES;
				CLANG_WARN_DIRECT_OBJC_ISA_USAGE = YES_ERROR;
				CLANG_WARN_DOCUMENTATION_COMMENTS = YES;
				CLANG_WARN_EMPTY_BODY = YES;
				CLANG_WARN_ENUM_CONVERSION = YES;
				CLANG_WARN_INFINITE_RECURSION = YES;
				CLANG_WARN_INT_CONVERSION = YES;
				CLANG_WARN_NON_LITERAL_NULL_CONVERSION = YES;
				CLANG_WARN_OBJC_IMPLICIT_RETAIN_SELF = YES;
				CLANG_WARN_OBJC_LITERAL_CONVERSION = YES;
				CLANG_WARN_OBJC_ROOT_CLASS = YES_ERROR;
				CLANG_WARN_QUOTED_INCLUDE_IN_FRAMEWORK_HEADER = YES;
				CLANG_WARN_RANGE_LOOP_ANALYSIS = YES;
				CLANG_WARN_STRICT_PROTOTYPES = YES;
				CLANG_WARN_SUSPICIOUS_MOVE = YES;
				CLANG_WARN_UNGUARDED_AVAILABILITY = YES_AGGRESSIVE;
				CLANG_WARN_UNREACHABLE_CODE = YES;
				CLANG_WARN__DUPLICATE_METHOD_MATCH = YES;
				COPY_PHASE_STRIP = NO;
				DEBUG_INFORMATION_FORMAT = "dwarf-with-dsym";
				ENABLE_NS_ASSERTIONS = NO;
				ENABLE_STRICT_OBJC_MSGSEND = YES;
				GCC_C_LANGUAGE_STANDARD = gnu11;
				GCC_NO_COMMON_BLOCKS = YES;
				GCC_WARN_64_TO_32_BIT_CONVERSION = YES;
				GCC_WARN_ABOUT_RETURN_TYPE = YES_ERROR;
				GCC_WARN_UNDECLARED_SELECTOR = YES;
				GCC_WARN_UNINITIALIZED_AUTOS = YES_AGGRESSIVE;
				GCC_WARN_UNUSED_FUNCTION = YES;
				GCC_WARN_UNUSED_VARIABLE = YES;
				IPHONEOS_DEPLOYMENT_TARGET = 14.5;
				MTL_ENABLE_DEBUG_INFO = NO;
				MTL_FAST_MATH = YES;
				SDKROOT = iphoneos;
				SWIFT_COMPILATION_MODE = wholemodule;
				SWIFT_OPTIMIZATION_LEVEL = "-O";
				VALIDATE_PRODUCT = YES;
			};
			name = Release;
		};
		59DC406926F10D8400DEBD10 /* Debug */ = {
			isa = XCBuildConfiguration;
			buildSettings = {
				ASSETCATALOG_COMPILER_APPICON_NAME = AppIcon;
				ASSETCATALOG_COMPILER_GLOBAL_ACCENT_COLOR_NAME = AccentColor;
				CODE_SIGN_STYLE = Automatic;
				DEVELOPMENT_TEAM = C8AGZ2639M;
				INFOPLIST_FILE = "Trial for Git/Info.plist";
				LD_RUNPATH_SEARCH_PATHS = (
					"$(inherited)",
					"@executable_path/Frameworks",
				);
				PRODUCT_BUNDLE_IDENTIFIER = "ClaudiaBauman.Trial-for-Git";
				PRODUCT_NAME = "$(TARGET_NAME)";
				SWIFT_VERSION = 5.0;
				TARGETED_DEVICE_FAMILY = "1,2";
			};
			name = Debug;
		};
		59DC406A26F10D8400DEBD10 /* Release */ = {
			isa = XCBuildConfiguration;
			buildSettings = {
				ASSETCATALOG_COMPILER_APPICON_NAME = AppIcon;
				ASSETCATALOG_COMPILER_GLOBAL_ACCENT_COLOR_NAME = AccentColor;
				CODE_SIGN_STYLE = Automatic;
				DEVELOPMENT_TEAM = C8AGZ2639M;
				INFOPLIST_FILE = "Trial for Git/Info.plist";
				LD_RUNPATH_SEARCH_PATHS = (
					"$(inherited)",
					"@executable_path/Frameworks",
				);
				PRODUCT_BUNDLE_IDENTIFIER = "ClaudiaBauman.Trial-for-Git";
				PRODUCT_NAME = "$(TARGET_NAME)";
				SWIFT_VERSION = 5.0;
				TARGETED_DEVICE_FAMILY = "1,2";
			};
			name = Release;
		};
		59DC406C26F10D8400DEBD10 /* Debug */ = {
			isa = XCBuildConfiguration;
			buildSettings = {
				ALWAYS_EMBED_SWIFT_STANDARD_LIBRARIES = YES;
				BUNDLE_LOADER = "$(TEST_HOST)";
				CODE_SIGN_STYLE = Automatic;
				DEVELOPMENT_TEAM = C8AGZ2639M;
				INFOPLIST_FILE = "Trial for GitTests/Info.plist";
				IPHONEOS_DEPLOYMENT_TARGET = 14.5;
				LD_RUNPATH_SEARCH_PATHS = (
					"$(inherited)",
					"@executable_path/Frameworks",
					"@loader_path/Frameworks",
				);
				PRODUCT_BUNDLE_IDENTIFIER = "ClaudiaBauman.Trial-for-GitTests";
				PRODUCT_NAME = "$(TARGET_NAME)";
				SWIFT_VERSION = 5.0;
				TARGETED_DEVICE_FAMILY = "1,2";
				TEST_HOST = "$(BUILT_PRODUCTS_DIR)/Trial for Git.app/Trial for Git";
			};
			name = Debug;
		};
		59DC406D26F10D8400DEBD10 /* Release */ = {
			isa = XCBuildConfiguration;
			buildSettings = {
				ALWAYS_EMBED_SWIFT_STANDARD_LIBRARIES = YES;
				BUNDLE_LOADER = "$(TEST_HOST)";
				CODE_SIGN_STYLE = Automatic;
				DEVELOPMENT_TEAM = C8AGZ2639M;
				INFOPLIST_FILE = "Trial for GitTests/Info.plist";
				IPHONEOS_DEPLOYMENT_TARGET = 14.5;
				LD_RUNPATH_SEARCH_PATHS = (
					"$(inherited)",
					"@executable_path/Frameworks",
					"@loader_path/Frameworks",
				);
				PRODUCT_BUNDLE_IDENTIFIER = "ClaudiaBauman.Trial-for-GitTests";
				PRODUCT_NAME = "$(TARGET_NAME)";
				SWIFT_VERSION = 5.0;
				TARGETED_DEVICE_FAMILY = "1,2";
				TEST_HOST = "$(BUILT_PRODUCTS_DIR)/Trial for Git.app/Trial for Git";
			};
			name = Release;
		};
		59DC406F26F10D8400DEBD10 /* Debug */ = {
			isa = XCBuildConfiguration;
			buildSettings = {
				ALWAYS_EMBED_SWIFT_STANDARD_LIBRARIES = YES;
				CODE_SIGN_STYLE = Automatic;
				DEVELOPMENT_TEAM = C8AGZ2639M;
				INFOPLIST_FILE = "Trial for GitUITests/Info.plist";
				LD_RUNPATH_SEARCH_PATHS = (
					"$(inherited)",
					"@executable_path/Frameworks",
					"@loader_path/Frameworks",
				);
				PRODUCT_BUNDLE_IDENTIFIER = "ClaudiaBauman.Trial-for-GitUITests";
				PRODUCT_NAME = "$(TARGET_NAME)";
				SWIFT_VERSION = 5.0;
				TARGETED_DEVICE_FAMILY = "1,2";
				TEST_TARGET_NAME = "Trial for Git";
			};
			name = Debug;
		};
		59DC407026F10D8400DEBD10 /* Release */ = {
			isa = XCBuildConfiguration;
			buildSettings = {
				ALWAYS_EMBED_SWIFT_STANDARD_LIBRARIES = YES;
				CODE_SIGN_STYLE = Automatic;
				DEVELOPMENT_TEAM = C8AGZ2639M;
				INFOPLIST_FILE = "Trial for GitUITests/Info.plist";
				LD_RUNPATH_SEARCH_PATHS = (
					"$(inherited)",
					"@executable_path/Frameworks",
					"@loader_path/Frameworks",
				);
				PRODUCT_BUNDLE_IDENTIFIER = "ClaudiaBauman.Trial-for-GitUITests";
				PRODUCT_NAME = "$(TARGET_NAME)";
				SWIFT_VERSION = 5.0;
				TARGETED_DEVICE_FAMILY = "1,2";
				TEST_TARGET_NAME = "Trial for Git";
			};
			name = Release;
		};
/* End XCBuildConfiguration section */

/* Begin XCConfigurationList section */
		59DC403926F10D7E00DEBD10 /* Build configuration list for PBXProject "Trial for Git" */ = {
			isa = XCConfigurationList;
			buildConfigurations = (
				59DC406626F10D8400DEBD10 /* Debug */,
				59DC406726F10D8400DEBD10 /* Release */,
			);
			defaultConfigurationIsVisible = 0;
			defaultConfigurationName = Release;
		};
		59DC406826F10D8400DEBD10 /* Build configuration list for PBXNativeTarget "Trial for Git" */ = {
			isa = XCConfigurationList;
			buildConfigurations = (
				59DC406926F10D8400DEBD10 /* Debug */,
				59DC406A26F10D8400DEBD10 /* Release */,
			);
			defaultConfigurationIsVisible = 0;
			defaultConfigurationName = Release;
		};
		59DC406B26F10D8400DEBD10 /* Build configuration list for PBXNativeTarget "Trial for GitTests" */ = {
			isa = XCConfigurationList;
			buildConfigurations = (
				59DC406C26F10D8400DEBD10 /* Debug */,
				59DC406D26F10D8400DEBD10 /* Release */,
			);
			defaultConfigurationIsVisible = 0;
			defaultConfigurationName = Release;
		};
		59DC406E26F10D8400DEBD10 /* Build configuration list for PBXNativeTarget "Trial for GitUITests" */ = {
			isa = XCConfigurationList;
			buildConfigurations = (
				59DC406F26F10D8400DEBD10 /* Debug */,
				59DC407026F10D8400DEBD10 /* Release */,
			);
			defaultConfigurationIsVisible = 0;
			defaultConfigurationName = Release;
		};
/* End XCConfigurationList section */
	};
	rootObject = 59DC403626F10D7E00DEBD10 /* Project object */;
}
